CacheControl==0.14.4
Pygments==2.19.2
annotated-doc==0.0.4
annotated-types==0.7.0
anyio==4.12.1
boolean.py==5.0
certifi==2026.2.25
charset-normalizer==3.4.5
click==8.3.1
cyclonedx-python-lib==11.6.0
defusedxml==0.7.1
fastapi==0.135.1
filelock==3.25.2
h11==0.16.0
httpcore==1.0.9
httpx==0.28.1
idna==3.11
iniconfig==2.3.0
license-expression==30.4.4
markdown-it-py==4.0.0
mdurl==0.1.2
msgpack==1.1.2
packageurl-python==0.17.6
packaging==26.0
pip-api==0.0.34
pip-requirements-parser==32.0.1
pip_audit==2.10.0
platformdirs==4.9.4
pluggy==1.6.0
psycopg-binary==3.2.13
psycopg==3.2.13
py-serializable==2.1.0
pydantic-settings==2.13.1
pydantic==2.12.5
pydantic_core==2.41.5
pyparsing==3.3.2
pytest==9.0.2
python-dotenv==1.2.2
requests==2.32.5
rich==14.3.3
ruff==0.15.6
sortedcontainers==2.4.0
starlette==0.52.1
tomli==2.4.0
tomli_w==1.2.0
typing-inspection==0.4.2
typing_extensions==4.15.0
urllib3==2.6.3
uvicorn==0.41.0
